
Microsoft Visual Studio Solution File, Format Version 12.00
# Visual Studio Version 16
VisualStudioVersion = 16.0.31424.327
MinimumVisualStudioVersion = 10.0.40219.1
Project("{FAE04EC0-301F-11D3-BF4B-00C04F79EFBC}") = "WindowsFormsApp7", "WindowsFormsApp7\WindowsFormsApp7.csproj", "{3DD82460-E228-4FFC-8ABA-A7638534AF61}"
EndProject
Global
	GlobalSection(SolutionConfigurationPlatforms) = preSolution
		Debug|Any CPU = Debug|Any CPU
		Release|Any CPU = Release|Any CPU
	EndGlobalSection
	GlobalSection(ProjectConfigurationPlatforms) = postSolution
		{3DD82460-E228-4FFC-8ABA-A7638534AF61}.Debug|Any CPU.ActiveCfg = Debug|Any CPU
		{3DD82460-E228-4FFC-8ABA-A7638534AF61}.Debug|Any CPU.Build.0 = Debug|Any CPU
		{3DD82460-E228-4FFC-8ABA-A7638534AF61}.Release|Any CPU.ActiveCfg = Release|Any CPU
		{3DD82460-E228-4FFC-8ABA-A7638534AF61}.Release|Any CPU.Build.0 = Release|Any CPU
	EndGlobalSection
	GlobalSection(SolutionProperties) = preSolution
		HideSolutionNode = FALSE
	EndGlobalSection
	GlobalSection(ExtensibilityGlobals) = postSolution
		SolutionGuid = {ED575361-A819-47B7-BD36-265E19AED1D5}
	EndGlobalSection
EndGlobal
